
Microsoft Visual Studio Solution File, Format Version 12.00
# Visual Studio Version 16
VisualStudioVersion = 16.0.30128.74
MinimumVisualStudioVersion = 10.0.40219.1
Project("{FAE04EC0-301F-11D3-BF4B-00C04F79EFBC}") = "ACE_Project", "ACE_Project\ACE_Project.csproj", "{28BA4886-687F-4209-BDE1-DE2B0B17764D}"
EndProject
Global
	GlobalSection(SolutionConfigurationPlatforms) = preSolution
		Debug|Any CPU = Debug|Any CPU
		Release|Any CPU = Release|Any CPU
	EndGlobalSection
	GlobalSection(ProjectConfigurationPlatforms) = postSolution
		{28BA4886-687F-4209-BDE1-DE2B0B17764D}.Debug|Any CPU.ActiveCfg = Debug|Any CPU
		{28BA4886-687F-4209-BDE1-DE2B0B17764D}.Debug|Any CPU.Build.0 = Debug|Any CPU
		{28BA4886-687F-4209-BDE1-DE2B0B17764D}.Release|Any CPU.ActiveCfg = Release|Any CPU
		{28BA4886-687F-4209-BDE1-DE2B0B17764D}.Release|Any CPU.Build.0 = Release|Any CPU
	EndGlobalSection
	GlobalSection(SolutionProperties) = preSolution
		HideSolutionNode = FALSE
	EndGlobalSection
	GlobalSection(ExtensibilityGlobals) = postSolution
		SolutionGuid = {CE26809C-842D-490E-9052-50DEB2129A5C}
	EndGlobalSection
EndGlobal
